
Microsoft Visual Studio Solution File, Format Version 12.00
# Visual Studio Version 16
VisualStudioVersion = 16.0.31321.278
MinimumVisualStudioVersion = 10.0.40219.1
Project("{FAE04EC0-301F-11D3-BF4B-00C04F79EFBC}") = "6-CSharpIMDbProject", "6-CSharpIMDbProject\6-CSharpIMDbProject.csproj", "{5AC68131-7659-40C7-A0AC-836D30D1D117}"
EndProject
Global
	GlobalSection(SolutionConfigurationPlatforms) = preSolution
		Debug|Any CPU = Debug|Any CPU
		Release|Any CPU = Release|Any CPU
	EndGlobalSection
	GlobalSection(ProjectConfigurationPlatforms) = postSolution
		{5AC68131-7659-40C7-A0AC-836D30D1D117}.Debug|Any CPU.ActiveCfg = Debug|Any CPU
		{5AC68131-7659-40C7-A0AC-836D30D1D117}.Debug|Any CPU.Build.0 = Debug|Any CPU
		{5AC68131-7659-40C7-A0AC-836D30D1D117}.Release|Any CPU.ActiveCfg = Release|Any CPU
		{5AC68131-7659-40C7-A0AC-836D30D1D117}.Release|Any CPU.Build.0 = Release|Any CPU
	EndGlobalSection
	GlobalSection(SolutionProperties) = preSolution
		HideSolutionNode = FALSE
	EndGlobalSection
	GlobalSection(ExtensibilityGlobals) = postSolution
		SolutionGuid = {CF5CF17D-2349-4ABC-B7D5-12432609F1AF}
	EndGlobalSection
EndGlobal
